{
  "originHash" : "a7384783a3b954f16d9d9a1a2b1c758d75a138067810f2a2b36c1e5e8681e479",
  "pins" : [
    {
      "identity" : "keyboardshortcuts",
      "kind" : "remoteSourceControl",
      "location" : "https://github.com/sindresorhus/keyboardshortcuts",
      "state" : {
        "revision" : "49c3fc04ea827f816df67843bfcc57286b47ff06",
        "version" : "3.0.1"
      }
    },
    {
      "identity" : "keychain-swift",
      "kind" : "remoteSourceControl",
      "location" : "https://github.com/evgenyneu/keychain-swift",
      "state" : {
        "revision" : "5e1b02b6a9dac2a759a1d5dbc175c86bd192a608",
        "version" : "24.0.0"
      }
    },
    {
      "identity" : "ollama-swift",
      "kind" : "remoteSourceControl",
      "location" : "https://github.com/mattt/ollama-swift",
      "state" : {
        "revision" : "5c913312ebbccc9ad958ae0ec06e51fede0022ad",
        "version" : "1.8.0"
      }
    },
    {
      "identity" : "swift-argument-parser",
      "kind" : "remoteSourceControl",
      "location" : "https://github.com/apple/swift-argument-parser.git",
      "state" : {
        "revision" : "6a52f3251125d74daf04fcbd5e6f08a75d074382",
        "version" : "1.8.2"
      }
    },
    {
      "identity" : "vecturakit",
      "kind" : "remoteSourceControl",
      "location" : "https://github.com/rryam/VecturaKit",
      "state" : {
        "revision" : "0259266d6975b551b9bb2b1a6202500129aa4a01",
        "version" : "6.1.0"
      }
    }
  ],
  "version" : 3
}
